<?xml version="1.0" encoding="utf-8"?>
<Project ToolsVersion="4.0" xmlns="http://schemas.microsoft.com/developer/msbuild/2003">
  <ItemGroup>
    <Filter Include="Source">
      <UniqueIdentifier>{b1d59649-bc03-4fed-85e2-1312a92b6399}</UniqueIdentifier>
    </Filter>
    <Filter Include="Source\System">
      <UniqueIdentifier>{2ba82fe9-717d-4658-84e8-71b7b1e25444}</UniqueIdentifier>
    </Filter>
    <Filter Include="Source\System\RamDisk">
      <UniqueIdentifier>{663a23f9-2192-44b2-a66e-2b2e37981835}</UniqueIdentifier>
    </Filter>
    <Filter Include="Source\System\Logger">
      <UniqueIdentifier>{e27abe0e-ec33-4d8e-879f-925462b458d4}</UniqueIdentifier>
    </Filter>
    <Filter Include="Source\Mission">
      <UniqueIdentifier>{5353ca7a-05e3-45ef-8c8d-c850c2b13a29}</UniqueIdentifier>
    </Filter>
    <Filter Include="Source\System\Config">
      <UniqueIdentifier>{11293d11-5e4a-43ec-8524-af7374a72e33}</UniqueIdentifier>
    </Filter>
    <Filter Include="Source\Mission\Model">
      <UniqueIdentifier>{d5e1ecde-3b28-49aa-be1f-4bfa1a9e68dc}</UniqueIdentifier>
    </Filter>
    <Filter Include="Source\Mission\View">
      <UniqueIdentifier>{c46e305b-1754-4a3b-864f-b8bb6c7518c2}</UniqueIdentifier>
    </Filter>
    <Filter Include="Source\Mission\Control">
      <UniqueIdentifier>{02532840-a5d9-4519-8a9f-31a810ad08a2}</UniqueIdentifier>
    </Filter>
    <Filter Include="Source\UnitTest">
      <UniqueIdentifier>{c27f9cbb-c8d2-4b86-9d65-94129dc10bc6}</UniqueIdentifier>
    </Filter>
    <Filter Include="Source\System\Memory">
      <UniqueIdentifier>{1f8e2a39-6592-4160-a02b-8da98d30b58c}</UniqueIdentifier>
    </Filter>
    <Filter Include="Source\System\JobQueue">
      <UniqueIdentifier>{7c9fc58f-2903-4724-9908-1bed57d4dc1b}</UniqueIdentifier>
    </Filter>
    <Filter Include="Source\ThirdParty">
      <UniqueIdentifier>{d5794d4e-e85e-4e53-ae10-be17507371ce}</UniqueIdentifier>
    </Filter>
    <Filter Include="Source\Mission\View\Dialogs">
      <UniqueIdentifier>{b37c111e-b0ed-4490-b879-2d06dfa72434}</UniqueIdentifier>
    </Filter>
    <Filter Include="Source\Mission\View\Widgets">
      <UniqueIdentifier>{0c48e2de-79a3-49ef-9958-82829f9dd288}</UniqueIdentifier>
    </Filter>
    <Filter Include="Source\Mission\View\Widgets\MenuBar">
      <UniqueIdentifier>{12c35a53-bead-4a1a-82d1-eb510eae64d6}</UniqueIdentifier>
    </Filter>
    <Filter Include="Source\Mission\View\Resources">
      <UniqueIdentifier>{263e249e-1a4b-4500-ac1f-679e7e0f5027}</UniqueIdentifier>
    </Filter>
    <Filter Include="Source\Mission\View\Widgets\StatusBar">
      <UniqueIdentifier>{53473318-b7da-4f21-a401-02a6d8f75a02}</UniqueIdentifier>
    </Filter>
    <Filter Include="Source\Mission\View\Widgets\ToolTip">
      <UniqueIdentifier>{f750a588-a60b-4201-8bce-e9481e4b5253}</UniqueIdentifier>
    </Filter>
    <Filter Include="Source\Mission\View\Widgets\WndProc">
      <UniqueIdentifier>{cdec38ed-d9a6-460c-9807-da2be5237632}</UniqueIdentifier>
    </Filter>
    <Filter Include="Source\Mission\View\Widgets\TreeView">
      <UniqueIdentifier>{1f29b3ed-3985-4fcd-89e9-aa012ec95bd9}</UniqueIdentifier>
    </Filter>
    <Filter Include="Source\Mission\View\Widgets\ListView">
      <UniqueIdentifier>{0ba1ea53-a473-405e-8fb6-39c40047f8ff}</UniqueIdentifier>
    </Filter>
    <Filter Include="Source\Mission\View\Widgets\MdiClient">
      <UniqueIdentifier>{9ca916f5-b117-43ea-a2e0-5c7bc1fad96e}</UniqueIdentifier>
    </Filter>
    <Filter Include="Source\Mission\View\Widgets\TabBar">
      <UniqueIdentifier>{97312b5c-ce97-43dc-9b38-b5eec48d7ff1}</UniqueIdentifier>
    </Filter>
    <Filter Include="Source\Mission\View\Widgets\Splitter">
      <UniqueIdentifier>{99173980-2553-48d6-b094-f3abfcf02bf9}</UniqueIdentifier>
    </Filter>
    <Filter Include="Source\Mission\View\Widgets\ToolBar">
      <UniqueIdentifier>{ca30e908-ae5f-43b8-a936-1413f6dcf1cc}</UniqueIdentifier>
    </Filter>
    <Filter Include="Source\Mission\Control\MenuFile">
      <UniqueIdentifier>{275efccf-9d67-4d0b-b99d-19feb7f8b44b}</UniqueIdentifier>
    </Filter>
    <Filter Include="Source\System\Iso9660">
      <UniqueIdentifier>{56fc48eb-9f58-464e-ace7-de4892047418}</UniqueIdentifier>
    </Filter>
    <Filter Include="Source\Mission\Model\ZND">
      <UniqueIdentifier>{033f5e78-20e6-40ad-a7e9-264fbe7e9683}</UniqueIdentifier>
    </Filter>
    <Filter Include="Source\Mission\Model\PRG">
      <UniqueIdentifier>{6274cce6-b27b-4563-a3b3-bf466532e92b}</UniqueIdentifier>
    </Filter>
    <Filter Include="Source\Mission\Model\ARM">
      <UniqueIdentifier>{5f19c09d-00fa-4af7-aeb4-ba150f7ba1a9}</UniqueIdentifier>
    </Filter>
    <Filter Include="Source\Mission\Model\MPD">
      <UniqueIdentifier>{2be7d1fc-b240-4a64-93f7-a471e65f8a91}</UniqueIdentifier>
    </Filter>
    <Filter Include="Source\Mission\Model\ZUD">
      <UniqueIdentifier>{ab1d8cab-ece3-4240-9a84-6e7e5e7f8d9e}</UniqueIdentifier>
    </Filter>
    <Filter Include="Source\Mission\Model\SHP">
      <UniqueIdentifier>{8a522bc8-18d5-4ab0-afeb-0ced76f58b6d}</UniqueIdentifier>
    </Filter>
    <Filter Include="Source\Mission\Model\WEP">
      <UniqueIdentifier>{40f1432c-a7da-46f4-8895-852f809a63eb}</UniqueIdentifier>
    </Filter>
    <Filter Include="Source\Mission\Model\SEQ">
      <UniqueIdentifier>{3d06084e-6012-465a-9011-4771600561a0}</UniqueIdentifier>
    </Filter>
    <Filter Include="Source\Mission\Model\BIN">
      <UniqueIdentifier>{2d92bfa9-916a-46bc-a07e-167e66803aef}</UniqueIdentifier>
    </Filter>
    <Filter Include="Source\Mission\Model\SYD">
      <UniqueIdentifier>{2bc53de6-9902-4c94-b45e-f9e5d6d4e049}</UniqueIdentifier>
    </Filter>
    <Filter Include="Source\Mission\Model\VSTEXT">
      <UniqueIdentifier>{b1ad6f97-aa9d-44e4-9115-f665c14e9f2c}</UniqueIdentifier>
    </Filter>
    <Filter Include="Source\Mission\Control\OpenRecord">
      <UniqueIdentifier>{63bf17b2-68bc-437c-a040-039384509c7c}</UniqueIdentifier>
    </Filter>
    <Filter Include="Source\Mission\View\Widgets\HexEditor">
      <UniqueIdentifier>{e48350c3-6cc7-4645-892e-86fd601d62f3}</UniqueIdentifier>
    </Filter>
    <Filter Include="Source\Mission\View\Widgets\OpenGL">
      <UniqueIdentifier>{05f4beb6-1ef0-4c4d-b25a-eacba738b57e}</UniqueIdentifier>
    </Filter>
    <Filter Include="Source\Mission\View\Widgets\PropSheet">
      <UniqueIdentifier>{26b2c5fe-d040-474a-b558-cede8f149c43}</UniqueIdentifier>
    </Filter>
    <Filter Include="Source\System\Database">
      <UniqueIdentifier>{ab7ce76d-519c-4ae2-8a3d-6141d2dd788f}</UniqueIdentifier>
    </Filter>
  </ItemGroup>
  <ItemGroup>
    <ClCompile Include="Source\System\RamDisk\RamDisk.c">
      <Filter>Source\System\RamDisk</Filter>
    </ClCompile>
    <ClCompile Include="Source\System\Logger\Logger.c">
      <Filter>Source\System\Logger</Filter>
    </ClCompile>
    <ClCompile Include="Source\Main.c">
      <Filter>Source</Filter>
    </ClCompile>
    <ClCompile Include="Source\System\Config\Config.c">
      <Filter>Source\System\Config</Filter>
    </ClCompile>
    <ClCompile Include="Source\System\System.c">
      <Filter>Source\System</Filter>
    </ClCompile>
    <ClCompile Include="Source\Mission\Mission.c">
      <Filter>Source\Mission</Filter>
    </ClCompile>
    <ClCompile Include="Source\Mission\Model\Model.c">
      <Filter>Source\Mission\Model</Filter>
    </ClCompile>
    <ClCompile Include="Source\Mission\View\View.c">
      <Filter>Source\Mission\View</Filter>
    </ClCompile>
    <ClCompile Include="Source\UnitTest\UnitTest.c">
      <Filter>Source\UnitTest</Filter>
    </ClCompile>
    <ClCompile Include="Source\System\RamDisk\RamDiskTest.c">
      <Filter>Source\System\RamDisk</Filter>
    </ClCompile>
    <ClCompile Include="Source\Start.c">
      <Filter>Source</Filter>
    </ClCompile>
    <ClCompile Include="Source\System\Memory\Memory.c">
      <Filter>Source\System\Memory</Filter>
    </ClCompile>
    <ClCompile Include="Source\Mission\Control\Control.c">
      <Filter>Source\Mission\Control</Filter>
    </ClCompile>
    <ClCompile Include="Source\System\JobQueue\JobQueue.c">
      <Filter>Source\System\JobQueue</Filter>
    </ClCompile>
    <ClCompile Include="Source\System\JobQueue\JobQueue_Test.c">
      <Filter>Source\System\JobQueue</Filter>
    </ClCompile>
    <ClCompile Include="Source\Mission\View\Dialogs\Dialogs.c">
      <Filter>Source\Mission\View\Dialogs</Filter>
    </ClCompile>
    <ClCompile Include="Source\Mission\View\Resources\Font.c">
      <Filter>Source\Mission\View\Resources</Filter>
    </ClCompile>
    <ClCompile Include="Source\Mission\View\Widgets\MenuBar\MenuBar.c">
      <Filter>Source\Mission\View\Widgets\MenuBar</Filter>
    </ClCompile>
    <ClCompile Include="Source\Mission\View\Widgets\StatusBar\StatusBar.c">
      <Filter>Source\Mission\View\Widgets\StatusBar</Filter>
    </ClCompile>
    <ClCompile Include="Source\Mission\View\Widgets\ToolTip\ToolTip.c">
      <Filter>Source\Mission\View\Widgets\ToolTip</Filter>
    </ClCompile>
    <ClCompile Include="Source\Mission\View\Widgets\WndProc\MdiChild.c">
      <Filter>Source\Mission\View\Widgets\WndProc</Filter>
    </ClCompile>
    <ClCompile Include="Source\Mission\View\Widgets\WndProc\MdiFrame.c">
      <Filter>Source\Mission\View\Widgets\WndProc</Filter>
    </ClCompile>
    <ClCompile Include="Source\Mission\View\Widgets\WndProc\FlickerFree.c">
      <Filter>Source\Mission\View\Widgets\WndProc</Filter>
    </ClCompile>
    <ClCompile Include="Source\Mission\View\Widgets\TreeView\TreeView.c">
      <Filter>Source\Mission\View\Widgets\TreeView</Filter>
    </ClCompile>
    <ClCompile Include="Source\Mission\View\Widgets\ListView\ListView.c">
      <Filter>Source\Mission\View\Widgets\ListView</Filter>
    </ClCompile>
    <ClCompile Include="Source\Mission\View\Resources\Icon.c">
      <Filter>Source\Mission\View\Resources</Filter>
    </ClCompile>
    <ClCompile Include="Source\Mission\View\Widgets\MdiClient\MdiClient.c">
      <Filter>Source\Mission\View\Widgets\MdiClient</Filter>
    </ClCompile>
    <ClCompile Include="Source\Mission\View\Widgets\TabBar\TabBar.c">
      <Filter>Source\Mission\View\Widgets\TabBar</Filter>
    </ClCompile>
    <ClCompile Include="Source\Mission\View\Widgets\Splitter\Splitter.c">
      <Filter>Source\Mission\View\Widgets\Splitter</Filter>
    </ClCompile>
    <ClCompile Include="Source\Mission\View\Widgets\ToolBar\ToolBar.c">
      <Filter>Source\Mission\View\Widgets\ToolBar</Filter>
    </ClCompile>
    <ClCompile Include="Source\Mission\Control\MenuFile\MenuFileOpen.c">
      <Filter>Source\Mission\Control\MenuFile</Filter>
    </ClCompile>
    <ClCompile Include="Source\Mission\Control\MenuFile\MenuFileClose.c">
      <Filter>Source\Mission\Control\MenuFile</Filter>
    </ClCompile>
    <ClCompile Include="Source\Mission\Control\MenuFile\MenuFileSave.c">
      <Filter>Source\Mission\Control\MenuFile</Filter>
    </ClCompile>
    <ClCompile Include="Source\Mission\Control\MenuFile\MenuFileExit.c">
      <Filter>Source\Mission\Control\MenuFile</Filter>
    </ClCompile>
    <ClCompile Include="Source\System\Iso9660\Iso9660.c">
      <Filter>Source\System\Iso9660</Filter>
    </ClCompile>
    <ClCompile Include="Source\Mission\View\Widgets\WndProc\OnNotify.c">
      <Filter>Source\Mission\View\Widgets\WndProc</Filter>
    </ClCompile>
    <ClCompile Include="Source\Mission\Model\ModelOpenDisk.c">
      <Filter>Source\Mission\Model</Filter>
    </ClCompile>
    <ClCompile Include="Source\Mission\Model\VSTEXT\VsText.c">
      <Filter>Source\Mission\Model\VSTEXT</Filter>
    </ClCompile>
    <ClCompile Include="Source\Mission\Control\OpenRecord\OpenRecord.c">
      <Filter>Source\Mission\Control\OpenRecord</Filter>
    </ClCompile>
    <ClCompile Include="Source\Mission\View\Widgets\HexEditor\HexEditor.c">
      <Filter>Source\Mission\View\Widgets\HexEditor</Filter>
    </ClCompile>
    <ClCompile Include="Source\Mission\Model\ARM\ArmWndProc.c">
      <Filter>Source\Mission\Model\ARM</Filter>
    </ClCompile>
    <ClCompile Include="Source\Mission\Model\MPD\MpdWndProc.c">
      <Filter>Source\Mission\Model\MPD</Filter>
    </ClCompile>
    <ClCompile Include="Source\Mission\Model\SHP\ShpWndProc.c">
      <Filter>Source\Mission\Model\SHP</Filter>
    </ClCompile>
    <ClCompile Include="Source\Mission\Model\WEP\WepWndProc.c">
      <Filter>Source\Mission\Model\WEP</Filter>
    </ClCompile>
    <ClCompile Include="Source\Mission\Model\ZND\ZndWndProc.c">
      <Filter>Source\Mission\Model\ZND</Filter>
    </ClCompile>
    <ClCompile Include="Source\Mission\Model\ZUD\ZudWndProc.c">
      <Filter>Source\Mission\Model\ZUD</Filter>
    </ClCompile>
    <ClCompile Include="Source\Mission\Model\ARM\ArmModel.c">
      <Filter>Source\Mission\Model\ARM</Filter>
    </ClCompile>
    <ClCompile Include="Source\Mission\Model\BIN\BinModel.c">
      <Filter>Source\Mission\Model\BIN</Filter>
    </ClCompile>
    <ClCompile Include="Source\Mission\Model\MPD\MpdModel.c">
      <Filter>Source\Mission\Model\MPD</Filter>
    </ClCompile>
    <ClCompile Include="Source\Mission\Model\PRG\PrgModel.c">
      <Filter>Source\Mission\Model\PRG</Filter>
    </ClCompile>
    <ClCompile Include="Source\Mission\Model\SEQ\SeqModel.c">
      <Filter>Source\Mission\Model\SEQ</Filter>
    </ClCompile>
    <ClCompile Include="Source\Mission\Model\SHP\ShpModel.c">
      <Filter>Source\Mission\Model\SHP</Filter>
    </ClCompile>
    <ClCompile Include="Source\Mission\Model\SYD\SydModel.c">
      <Filter>Source\Mission\Model\SYD</Filter>
    </ClCompile>
    <ClCompile Include="Source\Mission\Model\WEP\WepModel.c">
      <Filter>Source\Mission\Model\WEP</Filter>
    </ClCompile>
    <ClCompile Include="Source\Mission\Model\ZND\ZndModel.c">
      <Filter>Source\Mission\Model\ZND</Filter>
    </ClCompile>
    <ClCompile Include="Source\Mission\Model\ZUD\ZudModel.c">
      <Filter>Source\Mission\Model\ZUD</Filter>
    </ClCompile>
    <ClCompile Include="Source\Mission\View\Widgets\OpenGL\OpenGL.c">
      <Filter>Source\Mission\View\Widgets\OpenGL</Filter>
    </ClCompile>
    <ClCompile Include="Source\Mission\View\Widgets\PropSheet\PropSheet.c">
      <Filter>Source\Mission\View\Widgets\PropSheet</Filter>
    </ClCompile>
    <ClCompile Include="Source\System\Database\Database.c">
      <Filter>Source\System\Database</Filter>
    </ClCompile>
  </ItemGroup>
  <ItemGroup>
    <ClInclude Include="Source\System\RamDisk\RamDisk.h">
      <Filter>Source\System\RamDisk</Filter>
    </ClInclude>
    <ClInclude Include="Source\System\Logger\Logger.h">
      <Filter>Source\System\Logger</Filter>
    </ClInclude>
    <ClInclude Include="Source\System\System.h">
      <Filter>Source\System</Filter>
    </ClInclude>
    <ClInclude Include="Source\System\Config\Config.h">
      <Filter>Source\System\Config</Filter>
    </ClInclude>
    <ClInclude Include="Source\Mission\Mission.h">
      <Filter>Source\Mission</Filter>
    </ClInclude>
    <ClInclude Include="Source\Mission\Model\Model.h">
      <Filter>Source\Mission\Model</Filter>
    </ClInclude>
    <ClInclude Include="Source\Mission\View\View.h">
      <Filter>Source\Mission\View</Filter>
    </ClInclude>
    <ClInclude Include="Source\UnitTest\UnitTest.h">
      <Filter>Source\UnitTest</Filter>
    </ClInclude>
    <ClInclude Include="Source\System\Memory\Memory.h">
      <Filter>Source\System\Memory</Filter>
    </ClInclude>
    <ClInclude Include="Source\Mission\Control\Control.h">
      <Filter>Source\Mission\Control</Filter>
    </ClInclude>
    <ClInclude Include="Source\System\JobQueue\JobQueue.h">
      <Filter>Source\System\JobQueue</Filter>
    </ClInclude>
    <ClInclude Include="Source\GodHands.h">
      <Filter>Source</Filter>
    </ClInclude>
    <ClInclude Include="Source\ThirdParty\utest.h">
      <Filter>Source\ThirdParty</Filter>
    </ClInclude>
    <ClInclude Include="Source\Mission\View\Dialogs\Dialogs.h">
      <Filter>Source\Mission\View\Dialogs</Filter>
    </ClInclude>
    <ClInclude Include="Source\Mission\View\Resources\Font.h">
      <Filter>Source\Mission\View\Resources</Filter>
    </ClInclude>
    <ClInclude Include="Source\Mission\View\Widgets\MenuBar\MenuBar.h">
      <Filter>Source\Mission\View\Widgets\MenuBar</Filter>
    </ClInclude>
    <ClInclude Include="Source\Mission\View\Widgets\StatusBar\StatusBar.h">
      <Filter>Source\Mission\View\Widgets\StatusBar</Filter>
    </ClInclude>
    <ClInclude Include="Source\Mission\View\Widgets\ToolTip\ToolTip.h">
      <Filter>Source\Mission\View\Widgets\ToolTip</Filter>
    </ClInclude>
    <ClInclude Include="Source\Mission\View\Widgets\TreeView\TreeView.h">
      <Filter>Source\Mission\View\Widgets\TreeView</Filter>
    </ClInclude>
    <ClInclude Include="Source\Mission\View\Widgets\ListView\ListView.h">
      <Filter>Source\Mission\View\Widgets\ListView</Filter>
    </ClInclude>
    <ClInclude Include="Source\Mission\View\Resources\Icon.h">
      <Filter>Source\Mission\View\Resources</Filter>
    </ClInclude>
    <ClInclude Include="Source\Mission\View\Widgets\MdiClient\MdiClient.h">
      <Filter>Source\Mission\View\Widgets\MdiClient</Filter>
    </ClInclude>
    <ClInclude Include="Source\Mission\View\Widgets\TabBar\TabBar.h">
      <Filter>Source\Mission\View\Widgets\TabBar</Filter>
    </ClInclude>
    <ClInclude Include="Source\Mission\View\Widgets\Splitter\Splitter.h">
      <Filter>Source\Mission\View\Widgets\Splitter</Filter>
    </ClInclude>
    <ClInclude Include="Source\Mission\View\Widgets\ToolBar\ToolBar.h">
      <Filter>Source\Mission\View\Widgets\ToolBar</Filter>
    </ClInclude>
    <ClInclude Include="Source\System\Iso9660\Iso9660.h">
      <Filter>Source\System\Iso9660</Filter>
    </ClInclude>
    <ClInclude Include="Source\Mission\Model\VSTEXT\VsText.h">
      <Filter>Source\Mission\Model\VSTEXT</Filter>
    </ClInclude>
    <ClInclude Include="Source\Mission\View\Widgets\HexEditor\HexEditor.h">
      <Filter>Source\Mission\View\Widgets\HexEditor</Filter>
    </ClInclude>
    <ClInclude Include="Source\Mission\Model\ARM\ArmModel.h">
      <Filter>Source\Mission\Model\ARM</Filter>
    </ClInclude>
    <ClInclude Include="Source\Mission\Model\BIN\BinModel.h">
      <Filter>Source\Mission\Model\BIN</Filter>
    </ClInclude>
    <ClInclude Include="Source\Mission\Model\MPD\MpdModel.h">
      <Filter>Source\Mission\Model\MPD</Filter>
    </ClInclude>
    <ClInclude Include="Source\Mission\Model\PRG\PrgModel.h">
      <Filter>Source\Mission\Model\PRG</Filter>
    </ClInclude>
    <ClInclude Include="Source\Mission\Model\SEQ\SeqModel.h">
      <Filter>Source\Mission\Model\SEQ</Filter>
    </ClInclude>
    <ClInclude Include="Source\Mission\Model\SHP\ShpModel.h">
      <Filter>Source\Mission\Model\SHP</Filter>
    </ClInclude>
    <ClInclude Include="Source\Mission\Model\SYD\SydModel.h">
      <Filter>Source\Mission\Model\SYD</Filter>
    </ClInclude>
    <ClInclude Include="Source\Mission\Model\WEP\WepModel.h">
      <Filter>Source\Mission\Model\WEP</Filter>
    </ClInclude>
    <ClInclude Include="Source\Mission\Model\ZND\ZndModel.h">
      <Filter>Source\Mission\Model\ZND</Filter>
    </ClInclude>
    <ClInclude Include="Source\Mission\Model\ZUD\ZudModel.h">
      <Filter>Source\Mission\Model\ZUD</Filter>
    </ClInclude>
    <ClInclude Include="Source\Mission\VagrantStory.h">
      <Filter>Source\Mission</Filter>
    </ClInclude>
    <ClInclude Include="Source\Mission\View\Widgets\OpenGL\OpenGL.h">
      <Filter>Source\Mission\View\Widgets\OpenGL</Filter>
    </ClInclude>
    <ClInclude Include="Source\Mission\View\Widgets\PropSheet\PropSheet.h">
      <Filter>Source\Mission\View\Widgets\PropSheet</Filter>
    </ClInclude>
    <ClInclude Include="Source\System\Database\Database.h">
      <Filter>Source\System\Database</Filter>
    </ClInclude>
    <ClInclude Include="Source\ThirdParty\sqlite3.h">
      <Filter>Source\ThirdParty</Filter>
    </ClInclude>
    <ClInclude Include="Source\ThirdParty\sqlite3ext.h">
      <Filter>Source\ThirdParty</Filter>
    </ClInclude>
  </ItemGroup>
  <ItemGroup>
    <None Include="Source\ReadMe.txt">
      <Filter>Source</Filter>
    </None>
  </ItemGroup>
</Project>