<?xml version="1.0" encoding="utf-8"?>
<Project ToolsVersion="4.0" xmlns="http://schemas.microsoft.com/developer/msbuild/2003">
  <ItemGroup>
    <Filter Include="Source">
      <UniqueIdentifier>{b1d59649-bc03-4fed-85e2-1312a92b6399}</UniqueIdentifier>
    </Filter>
    <Filter Include="Source\System">
      <UniqueIdentifier>{2ba82fe9-717d-4658-84e8-71b7b1e25444}</UniqueIdentifier>
    </Filter>
    <Filter Include="Source\System\RamDisk">
      <UniqueIdentifier>{663a23f9-2192-44b2-a66e-2b2e37981835}</UniqueIdentifier>
    </Filter>
    <Filter Include="Source\System\Logger">
      <UniqueIdentifier>{e27abe0e-ec33-4d8e-879f-925462b458d4}</UniqueIdentifier>
    </Filter>
    <Filter Include="Source\Mission">
      <UniqueIdentifier>{5353ca7a-05e3-45ef-8c8d-c850c2b13a29}</UniqueIdentifier>
    </Filter>
    <Filter Include="Source\System\Config">
      <UniqueIdentifier>{11293d11-5e4a-43ec-8524-af7374a72e33}</UniqueIdentifier>
    </Filter>
    <Filter Include="Source\Mission\Model">
      <UniqueIdentifier>{d5e1ecde-3b28-49aa-be1f-4bfa1a9e68dc}</UniqueIdentifier>
    </Filter>
    <Filter Include="Source\Mission\View">
      <UniqueIdentifier>{c46e305b-1754-4a3b-864f-b8bb6c7518c2}</UniqueIdentifier>
    </Filter>
    <Filter Include="Source\Mission\Control">
      <UniqueIdentifier>{02532840-a5d9-4519-8a9f-31a810ad08a2}</UniqueIdentifier>
    </Filter>
    <Filter Include="Source\UnitTest">
      <UniqueIdentifier>{c27f9cbb-c8d2-4b86-9d65-94129dc10bc6}</UniqueIdentifier>
    </Filter>
    <Filter Include="Source\System\Memory">
      <UniqueIdentifier>{1f8e2a39-6592-4160-a02b-8da98d30b58c}</UniqueIdentifier>
    </Filter>
    <Filter Include="Source\System\JobQueue">
      <UniqueIdentifier>{7c9fc58f-2903-4724-9908-1bed57d4dc1b}</UniqueIdentifier>
    </Filter>
    <Filter Include="Source\ThirdParty">
      <UniqueIdentifier>{d5794d4e-e85e-4e53-ae10-be17507371ce}</UniqueIdentifier>
    </Filter>
    <Filter Include="Source\Mission\View\Dialogs">
      <UniqueIdentifier>{b37c111e-b0ed-4490-b879-2d06dfa72434}</UniqueIdentifier>
    </Filter>
    <Filter Include="Source\Mission\View\Widgets">
      <UniqueIdentifier>{0c48e2de-79a3-49ef-9958-82829f9dd288}</UniqueIdentifier>
    </Filter>
    <Filter Include="Source\Mission\View\Widgets\MenuBar">
      <UniqueIdentifier>{12c35a53-bead-4a1a-82d1-eb510eae64d6}</UniqueIdentifier>
    </Filter>
    <Filter Include="Source\Mission\View\Resources">
      <UniqueIdentifier>{263e249e-1a4b-4500-ac1f-679e7e0f5027}</UniqueIdentifier>
    </Filter>
    <Filter Include="Source\Mission\View\Widgets\StatusBar">
      <UniqueIdentifier>{53473318-b7da-4f21-a401-02a6d8f75a02}</UniqueIdentifier>
    </Filter>
    <Filter Include="Source\Mission\View\Widgets\ToolTip">
      <UniqueIdentifier>{f750a588-a60b-4201-8bce-e9481e4b5253}</UniqueIdentifier>
    </Filter>
    <Filter Include="Source\Mission\View\Widgets\WndProc">
      <UniqueIdentifier>{cdec38ed-d9a6-460c-9807-da2be5237632}</UniqueIdentifier>
    </Filter>
    <Filter Include="Source\Mission\View\Widgets\TreeView">
      <UniqueIdentifier>{1f29b3ed-3985-4fcd-89e9-aa012ec95bd9}</UniqueIdentifier>
    </Filter>
    <Filter Include="Source\Mission\View\Widgets\ListView">
      <UniqueIdentifier>{0ba1ea53-a473-405e-8fb6-39c40047f8ff}</UniqueIdentifier>
    </Filter>
    <Filter Include="Source\Mission\View\Widgets\MdiClient">
      <UniqueIdentifier>{9ca916f5-b117-43ea-a2e0-5c7bc1fad96e}</UniqueIdentifier>
    </Filter>
  </ItemGroup>
  <ItemGroup>
    <ClCompile Include="Source\System\RamDisk\RamDisk.c">
      <Filter>Source\System\RamDisk</Filter>
    </ClCompile>
    <ClCompile Include="Source\System\Logger\Logger.c">
      <Filter>Source\System\Logger</Filter>
    </ClCompile>
    <ClCompile Include="Source\Main.c">
      <Filter>Source</Filter>
    </ClCompile>
    <ClCompile Include="Source\System\Config\Config.c">
      <Filter>Source\System\Config</Filter>
    </ClCompile>
    <ClCompile Include="Source\System\System.c">
      <Filter>Source\System</Filter>
    </ClCompile>
    <ClCompile Include="Source\Mission\Mission.c">
      <Filter>Source\Mission</Filter>
    </ClCompile>
    <ClCompile Include="Source\Mission\Model\Model.c">
      <Filter>Source\Mission\Model</Filter>
    </ClCompile>
    <ClCompile Include="Source\Mission\View\View.c">
      <Filter>Source\Mission\View</Filter>
    </ClCompile>
    <ClCompile Include="Source\UnitTest\UnitTest.c">
      <Filter>Source\UnitTest</Filter>
    </ClCompile>
    <ClCompile Include="Source\System\RamDisk\RamDiskTest.c">
      <Filter>Source\System\RamDisk</Filter>
    </ClCompile>
    <ClCompile Include="Source\Start.c">
      <Filter>Source</Filter>
    </ClCompile>
    <ClCompile Include="Source\System\Memory\Memory.c">
      <Filter>Source\System\Memory</Filter>
    </ClCompile>
    <ClCompile Include="Source\Mission\Control\Control.c">
      <Filter>Source\Mission\Control</Filter>
    </ClCompile>
    <ClCompile Include="Source\System\JobQueue\JobQueue.c">
      <Filter>Source\System\JobQueue</Filter>
    </ClCompile>
    <ClCompile Include="Source\System\JobQueue\JobQueue_Test.c">
      <Filter>Source\System\JobQueue</Filter>
    </ClCompile>
    <ClCompile Include="Source\Mission\View\Dialogs\Dialogs.c">
      <Filter>Source\Mission\View\Dialogs</Filter>
    </ClCompile>
    <ClCompile Include="Source\Mission\View\Resources\Font.c">
      <Filter>Source\Mission\View\Resources</Filter>
    </ClCompile>
    <ClCompile Include="Source\Mission\View\Widgets\MenuBar\MenuBar.c">
      <Filter>Source\Mission\View\Widgets\MenuBar</Filter>
    </ClCompile>
    <ClCompile Include="Source\Mission\View\Widgets\StatusBar\StatusBar.c">
      <Filter>Source\Mission\View\Widgets\StatusBar</Filter>
    </ClCompile>
    <ClCompile Include="Source\Mission\View\Widgets\ToolTip\ToolTip.c">
      <Filter>Source\Mission\View\Widgets\ToolTip</Filter>
    </ClCompile>
    <ClCompile Include="Source\Mission\View\Widgets\WndProc\MdiChild.c">
      <Filter>Source\Mission\View\Widgets\WndProc</Filter>
    </ClCompile>
    <ClCompile Include="Source\Mission\View\Widgets\WndProc\MdiFrame.c">
      <Filter>Source\Mission\View\Widgets\WndProc</Filter>
    </ClCompile>
    <ClCompile Include="Source\Mission\View\Widgets\WndProc\FlickerFree.c">
      <Filter>Source\Mission\View\Widgets\WndProc</Filter>
    </ClCompile>
    <ClCompile Include="Source\Mission\View\Widgets\TreeView\TreeView.c">
      <Filter>Source\Mission\View\Widgets\TreeView</Filter>
    </ClCompile>
    <ClCompile Include="Source\Mission\View\Widgets\ListView\ListView.c">
      <Filter>Source\Mission\View\Widgets\ListView</Filter>
    </ClCompile>
    <ClCompile Include="Source\Mission\View\Resources\Icon.c">
      <Filter>Source\Mission\View\Resources</Filter>
    </ClCompile>
    <ClCompile Include="Source\Mission\View\Widgets\MdiClient\MdiClient.c">
      <Filter>Source\Mission\View\Widgets\MdiClient</Filter>
    </ClCompile>
  </ItemGroup>
  <ItemGroup>
    <ClInclude Include="Source\System\RamDisk\RamDisk.h">
      <Filter>Source\System\RamDisk</Filter>
    </ClInclude>
    <ClInclude Include="Source\System\Logger\Logger.h">
      <Filter>Source\System\Logger</Filter>
    </ClInclude>
    <ClInclude Include="Source\System\System.h">
      <Filter>Source\System</Filter>
    </ClInclude>
    <ClInclude Include="Source\System\Config\Config.h">
      <Filter>Source\System\Config</Filter>
    </ClInclude>
    <ClInclude Include="Source\Mission\Mission.h">
      <Filter>Source\Mission</Filter>
    </ClInclude>
    <ClInclude Include="Source\Mission\Model\Model.h">
      <Filter>Source\Mission\Model</Filter>
    </ClInclude>
    <ClInclude Include="Source\Mission\View\View.h">
      <Filter>Source\Mission\View</Filter>
    </ClInclude>
    <ClInclude Include="Source\UnitTest\UnitTest.h">
      <Filter>Source\UnitTest</Filter>
    </ClInclude>
    <ClInclude Include="Source\System\Memory\Memory.h">
      <Filter>Source\System\Memory</Filter>
    </ClInclude>
    <ClInclude Include="Source\Mission\Control\Control.h">
      <Filter>Source\Mission\Control</Filter>
    </ClInclude>
    <ClInclude Include="Source\System\JobQueue\JobQueue.h">
      <Filter>Source\System\JobQueue</Filter>
    </ClInclude>
    <ClInclude Include="Source\GodHands.h">
      <Filter>Source</Filter>
    </ClInclude>
    <ClInclude Include="Source\ThirdParty\utest.h">
      <Filter>Source\ThirdParty</Filter>
    </ClInclude>
    <ClInclude Include="Source\Mission\View\Dialogs\Dialogs.h">
      <Filter>Source\Mission\View\Dialogs</Filter>
    </ClInclude>
    <ClInclude Include="Source\Mission\View\Resources\Font.h">
      <Filter>Source\Mission\View\Resources</Filter>
    </ClInclude>
    <ClInclude Include="Source\Mission\View\Widgets\MenuBar\MenuBar.h">
      <Filter>Source\Mission\View\Widgets\MenuBar</Filter>
    </ClInclude>
    <ClInclude Include="Source\Mission\View\Widgets\StatusBar\StatusBar.h">
      <Filter>Source\Mission\View\Widgets\StatusBar</Filter>
    </ClInclude>
    <ClInclude Include="Source\Mission\View\Widgets\ToolTip\ToolTip.h">
      <Filter>Source\Mission\View\Widgets\ToolTip</Filter>
    </ClInclude>
    <ClInclude Include="Source\Mission\View\Widgets\TreeView\TreeView.h">
      <Filter>Source\Mission\View\Widgets\TreeView</Filter>
    </ClInclude>
    <ClInclude Include="Source\Mission\View\Widgets\ListView\ListView.h">
      <Filter>Source\Mission\View\Widgets\ListView</Filter>
    </ClInclude>
    <ClInclude Include="Source\Mission\View\Resources\Icon.h">
      <Filter>Source\Mission\View\Resources</Filter>
    </ClInclude>
    <ClInclude Include="Source\Mission\View\Widgets\MdiClient\MdiClient.h">
      <Filter>Source\Mission\View\Widgets\MdiClient</Filter>
    </ClInclude>
  </ItemGroup>
</Project>